
Microsoft Visual Studio Solution File, Format Version 12.00
# Visual Studio Version 17
VisualStudioVersion = 17.13.35931.197
MinimumVisualStudioVersion = 10.0.40219.1
Project("{FAE04EC0-301F-11D3-BF4B-00C04F79EFBC}") = "LoadTestPostgresRedisCache", "LoadTestPostgresRedisCache\LoadTestPostgresRedisCache.csproj", "{D2655E4F-EFD5-4C02-97A1-8153766EECA0}"
EndProject
Project("{E53339B2-1760-4266-BCC7-CA923CBCF16C}") = "docker-compose", "docker-compose.dcproj", "{81DDED9D-158B-E303-5F62-77A2896D2A5A}"
EndProject
Project("{FAE04EC0-301F-11D3-BF4B-00C04F79EFBC}") = "NewsLetter.API", "NewsLetter.API\NewsLetter.API.csproj", "{22F0641F-7648-4F6F-BC1C-F1E1BD2D3C5E}"
EndProject
Project("{FAE04EC0-301F-11D3-BF4B-00C04F79EFBC}") = "NewsLetter.Reporting.API", "NewsLetter.Reporting.API\NewsLetter.Reporting.API.csproj", "{E28B2EC6-8CF6-4091-B7E9-35CDBD91CFE3}"
EndProject
Project("{FAE04EC0-301F-11D3-BF4B-00C04F79EFBC}") = "Shared", "Shared\Shared.csproj", "{3B2AB06C-A7F3-4240-8B05-2F68442196C3}"
EndProject
Project("{FAE04EC0-301F-11D3-BF4B-00C04F79EFBC}") = "Webhooks.Api", "Webhooks.Api\Webhooks.Api.csproj", "{97A99F40-49D1-4B10-8205-45C5D2C38FFD}"
EndProject
Global
	GlobalSection(SolutionConfigurationPlatforms) = preSolution
		Debug|Any CPU = Debug|Any CPU
		Release|Any CPU = Release|Any CPU
	EndGlobalSection
	GlobalSection(ProjectConfigurationPlatforms) = postSolution
		{D2655E4F-EFD5-4C02-97A1-8153766EECA0}.Debug|Any CPU.ActiveCfg = Debug|Any CPU
		{D2655E4F-EFD5-4C02-97A1-8153766EECA0}.Debug|Any CPU.Build.0 = Debug|Any CPU
		{D2655E4F-EFD5-4C02-97A1-8153766EECA0}.Release|Any CPU.ActiveCfg = Release|Any CPU
		{D2655E4F-EFD5-4C02-97A1-8153766EECA0}.Release|Any CPU.Build.0 = Release|Any CPU
		{81DDED9D-158B-E303-5F62-77A2896D2A5A}.Debug|Any CPU.ActiveCfg = Debug|Any CPU
		{81DDED9D-158B-E303-5F62-77A2896D2A5A}.Debug|Any CPU.Build.0 = Debug|Any CPU
		{81DDED9D-158B-E303-5F62-77A2896D2A5A}.Release|Any CPU.ActiveCfg = Release|Any CPU
		{81DDED9D-158B-E303-5F62-77A2896D2A5A}.Release|Any CPU.Build.0 = Release|Any CPU
		{22F0641F-7648-4F6F-BC1C-F1E1BD2D3C5E}.Debug|Any CPU.ActiveCfg = Debug|Any CPU
		{22F0641F-7648-4F6F-BC1C-F1E1BD2D3C5E}.Debug|Any CPU.Build.0 = Debug|Any CPU
		{22F0641F-7648-4F6F-BC1C-F1E1BD2D3C5E}.Release|Any CPU.ActiveCfg = Release|Any CPU
		{22F0641F-7648-4F6F-BC1C-F1E1BD2D3C5E}.Release|Any CPU.Build.0 = Release|Any CPU
		{E28B2EC6-8CF6-4091-B7E9-35CDBD91CFE3}.Debug|Any CPU.ActiveCfg = Debug|Any CPU
		{E28B2EC6-8CF6-4091-B7E9-35CDBD91CFE3}.Debug|Any CPU.Build.0 = Debug|Any CPU
		{E28B2EC6-8CF6-4091-B7E9-35CDBD91CFE3}.Release|Any CPU.ActiveCfg = Release|Any CPU
		{E28B2EC6-8CF6-4091-B7E9-35CDBD91CFE3}.Release|Any CPU.Build.0 = Release|Any CPU
		{3B2AB06C-A7F3-4240-8B05-2F68442196C3}.Debug|Any CPU.ActiveCfg = Debug|Any CPU
		{3B2AB06C-A7F3-4240-8B05-2F68442196C3}.Debug|Any CPU.Build.0 = Debug|Any CPU
		{3B2AB06C-A7F3-4240-8B05-2F68442196C3}.Release|Any CPU.ActiveCfg = Release|Any CPU
		{3B2AB06C-A7F3-4240-8B05-2F68442196C3}.Release|Any CPU.Build.0 = Release|Any CPU
		{97A99F40-49D1-4B10-8205-45C5D2C38FFD}.Debug|Any CPU.ActiveCfg = Debug|Any CPU
		{97A99F40-49D1-4B10-8205-45C5D2C38FFD}.Debug|Any CPU.Build.0 = Debug|Any CPU
		{97A99F40-49D1-4B10-8205-45C5D2C38FFD}.Release|Any CPU.ActiveCfg = Release|Any CPU
		{97A99F40-49D1-4B10-8205-45C5D2C38FFD}.Release|Any CPU.Build.0 = Release|Any CPU
	EndGlobalSection
	GlobalSection(SolutionProperties) = preSolution
		HideSolutionNode = FALSE
	EndGlobalSection
	GlobalSection(ExtensibilityGlobals) = postSolution
		SolutionGuid = {2F4A44E9-BFBF-457B-BFFC-97DBC11CE008}
	EndGlobalSection
EndGlobal
